// !$*UTF8*$!
{
	archiveVersion = 1;
	classes = {
	};
	objectVersion = 50;
	objects = {

/* Begin PBXBuildFile section */
		14B74FC724677EBC004727AD /* AppDelegate.swift in Sources */ = {isa = PBXBuildFile; fileRef = 14B74FC624677EBC004727AD /* AppDelegate.swift */; };
		14B74FC924677EBC004727AD /* SceneDelegate.swift in Sources */ = {isa = PBXBuildFile; fileRef = 14B74FC824677EBC004727AD /* SceneDelegate.swift */; };
		14B74FCB24677EBC004727AD /* ViewController.swift in Sources */ = {isa = PBXBuildFile; fileRef = 14B74FCA24677EBC004727AD /* ViewController.swift */; };
		14B74FCE24677EBC004727AD /* Main.storyboard in Resources */ = {isa = PBXBuildFile; fileRef = 14B74FCC24677EBC004727AD /* Main.storyboard */; };
		14B74FD024677EBF004727AD /* Assets.xcassets in Resources */ = {isa = PBXBuildFile; fileRef = 14B74FCF24677EBF004727AD /* Assets.xcassets */; };
		14B74FD324677EBF004727AD /* LaunchScreen.storyboard in Resources */ = {isa = PBXBuildFile; fileRef = 14B74FD124677EBF004727AD /* LaunchScreen.storyboard */; };
		14B74FDE24677EBF004727AD /* SampleProjectTests.swift in Sources */ = {isa = PBXBuildFile; fileRef = 14B74FDD24677EBF004727AD /* SampleProjectTests.swift */; };
		14B74FE924677EBF004727AD /* SampleProjectUITests.swift in Sources */ = {isa = PBXBuildFile; fileRef = 14B74FE824677EBF004727AD /* SampleProjectUITests.swift */; };
		A671CAF5E43172FE05F255EB /* Pods_SampleProject.framework in Frameworks */ = {isa = PBXBuildFile; fileRef = ED8289912B42112F1673D4B2 /* Pods_SampleProject.framework */; };
/* End PBXBuildFile section */

/* Begin PBXContainerItemProxy section */
		14B74FDA24677EBF004727AD /* PBXContainerItemProxy */ = {
			isa = PBXContainerItemProxy;
			containerPortal = 14B74FBB24677EBC004727AD /* Project object */;
			proxyType = 1;
			remoteGlobalIDString = 14B74FC224677EBC004727AD;
			remoteInfo = SampleProject;
		};
		14B74FE524677EBF004727AD /* PBXContainerItemProxy */ = {
			isa = PBXContainerItemProxy;
			containerPortal = 14B74FBB24677EBC004727AD /* Project object */;
			proxyType = 1;
			remoteGlobalIDString = 14B74FC224677EBC004727AD;
			remoteInfo = SampleProject;
		};
/* End PBXContainerItemProxy section */

/* Begin PBXFileReference section */
		14B74FC324677EBC004727AD /* SampleProject.app */ = {isa = PBXFileReference; explicitFileType = wrapper.application; includeInIndex = 0; path = SampleProject.app; sourceTree = BUILT_PRODUCTS_DIR; };
		14B74FC624677EBC004727AD /* AppDelegate.swift */ = {isa = PBXFileReference; lastKnownFileType = sourcecode.swift; path = AppDelegate.swift; sourceTree = "<group>"; };
		14B74FC824677EBC004727AD /* SceneDelegate.swift */ = {isa = PBXFileReference; lastKnownFileType = sourcecode.swift; path = SceneDelegate.swift; sourceTree = "<group>"; };
		14B74FCA24677EBC004727AD /* ViewController.swift */ = {isa = PBXFileReference; lastKnownFileType = sourcecode.swift; path = ViewController.swift; sourceTree = "<group>"; };
		14B74FCD24677EBC004727AD /* Base */ = {isa = PBXFileReference; lastKnownFileType = file.storyboard; name = Base; path = Base.lproj/Main.storyboard; sourceTree = "<group>"; };
		14B74FCF24677EBF004727AD /* Assets.xcassets */ = {isa = PBXFileReference; lastKnownFileType = folder.assetcatalog; path = Assets.xcassets; sourceTree = "<group>"; };
		14B74FD224677EBF004727AD /* Base */ = {isa = PBXFileReference; lastKnownFileType = file.storyboard; name = Base; path = Base.lproj/LaunchScreen.storyboard; sourceTree = "<group>"; };
		14B74FD424677EBF004727AD /* Info.plist */ = {isa = PBXFileReference; lastKnownFileType = text.plist.xml; path = Info.plist; sourceTree = "<group>"; };
		14B74FD924677EBF004727AD /* SampleProjectTests.xctest */ = {isa = PBXFileReference; explicitFileType = wrapper.cfbundle; includeInIndex = 0; path = SampleProjectTests.xctest; sourceTree = BUILT_PRODUCTS_DIR; };
		14B74FDD24677EBF004727AD /* SampleProjectTests.swift */ = {isa = PBXFileReference; lastKnownFileType = sourcecode.swift; path = SampleProjectTests.swift; sourceTree = "<group>"; };
		14B74FDF24677EBF004727AD /* Info.plist */ = {isa = PBXFileReference; lastKnownFileType = text.plist.xml; path = Info.plist; sourceTree = "<group>"; };
		14B74FE424677EBF004727AD /* SampleProjectUITests.xctest */ = {isa = PBXFileReference; explicitFileType = wrapper.cfbundle; includeInIndex = 0; path = SampleProjectUITests.xctest; sourceTree = BUILT_PRODUCTS_DIR; };
		14B74FE824677EBF004727AD /* SampleProjectUITests.swift */ = {isa = PBXFileReference; lastKnownFileType = sourcecode.swift; path = SampleProjectUITests.swift; sourceTree = "<group>"; };
		14B74FEA24677EBF004727AD /* Info.plist */ = {isa = PBXFileReference; lastKnownFileType = text.plist.xml; path = Info.plist; sourceTree = "<group>"; };
		97763E3DB5123EA5A0EFA98E /* Pods-SampleProject.release.xcconfig */ = {isa = PBXFileReference; includeInIndex = 1; lastKnownFileType = text.xcconfig; name = "Pods-SampleProject.release.xcconfig"; path = "Target Support Files/Pods-SampleProject/Pods-SampleProject.release.xcconfig"; sourceTree = "<group>"; };
		E856DD1161AA6D19781F073A /* Pods-SampleProject.debug.xcconfig */ = {isa = PBXFileReference; includeInIndex = 1; lastKnownFileType = text.xcconfig; name = "Pods-SampleProject.debug.xcconfig"; path = "Target Support Files/Pods-SampleProject/Pods-SampleProject.debug.xcconfig"; sourceTree = "<group>"; };
		ED8289912B42112F1673D4B2 /* Pods_SampleProject.framework */ = {isa = PBXFileReference; explicitFileType = wrapper.framework; includeInIndex = 0; path = Pods_SampleProject.framework; sourceTree = BUILT_PRODUCTS_DIR; };
/* End PBXFileReference section */

/* Begin PBXFrameworksBuildPhase section */
		14B74FC024677EBC004727AD /* Frameworks */ = {
			isa = PBXFrameworksBuildPhase;
			buildActionMask = 2147483647;
			files = (
				A671CAF5E43172FE05F255EB /* Pods_SampleProject.framework in Frameworks */,
			);
			runOnlyForDeploymentPostprocessing = 0;
		};
		14B74FD624677EBF004727AD /* Frameworks */ = {
			isa = PBXFrameworksBuildPhase;
			buildActionMask = 2147483647;
			files = (
			);
			runOnlyForDeploymentPostprocessing = 0;
		};
		14B74FE124677EBF004727AD /* Frameworks */ = {
			isa = PBXFrameworksBuildPhase;
			buildActionMask = 2147483647;
			files = (
			);
			runOnlyForDeploymentPostprocessing = 0;
		};
/* End PBXFrameworksBuildPhase section */

/* Begin PBXGroup section */
		14B74FBA24677EBC004727AD = {
			isa = PBXGroup;
			children = (
				14B74FC524677EBC004727AD /* SampleProject */,
				14B74FDC24677EBF004727AD /* SampleProjectTests */,
				14B74FE724677EBF004727AD /* SampleProjectUITests */,
				14B74FC424677EBC004727AD /* Products */,
				656D4FCCCD283DDD55F26B79 /* Pods */,
				DF478AB5B613B859EC50D87C /* Frameworks */,
			);
			sourceTree = "<group>";
		};
		14B74FC424677EBC004727AD /* Products */ = {
			isa = PBXGroup;
			children = (
				14B74FC324677EBC004727AD /* SampleProject.app */,
				14B74FD924677EBF004727AD /* SampleProjectTests.xctest */,
				14B74FE424677EBF004727AD /* SampleProjectUITests.xctest */,
			);
			name = Products;
			sourceTree = "<group>";
		};
		14B74FC524677EBC004727AD /* SampleProject */ = {
			isa = PBXGroup;
			children = (
				14B74FC624677EBC004727AD /* AppDelegate.swift */,
				14B74FC824677EBC004727AD /* SceneDelegate.swift */,
				14B74FCA24677EBC004727AD /* ViewController.swift */,
				14B74FCC24677EBC004727AD /* Main.storyboard */,
				14B74FCF24677EBF004727AD /* Assets.xcassets */,
				14B74FD124677EBF004727AD /* LaunchScreen.storyboard */,
				14B74FD424677EBF004727AD /* Info.plist */,
			);
			path = SampleProject;
			sourceTree = "<group>";
		};
		14B74FDC24677EBF004727AD /* SampleProjectTests */ = {
			isa = PBXGroup;
			children = (
				14B74FDD24677EBF004727AD /* SampleProjectTests.swift */,
				14B74FDF24677EBF004727AD /* Info.plist */,
			);
			path = SampleProjectTests;
			sourceTree = "<group>";
		};
		14B74FE724677EBF004727AD /* SampleProjectUITests */ = {
			isa = PBXGroup;
			children = (
				14B74FE824677EBF004727AD /* SampleProjectUITests.swift */,
				14B74FEA24677EBF004727AD /* Info.plist */,
			);
			path = SampleProjectUITests;
			sourceTree = "<group>";
		};
		656D4FCCCD283DDD55F26B79 /* Pods */ = {
			isa = PBXGroup;
			children = (
				E856DD1161AA6D19781F073A /* Pods-SampleProject.debug.xcconfig */,
				97763E3DB5123EA5A0EFA98E /* Pods-SampleProject.release.xcconfig */,
			);
			name = Pods;
			path = Pods;
			sourceTree = "<group>";
		};
		DF478AB5B613B859EC50D87C /* Frameworks */ = {
			isa = PBXGroup;
			children = (
				ED8289912B42112F1673D4B2 /* Pods_SampleProject.framework */,
			);
			name = Frameworks;
			sourceTree = "<group>";
		};
/* End PBXGroup section */

/* Begin PBXNativeTarget section */
		14B74FC224677EBC004727AD /* SampleProject */ = {
			isa = PBXNativeTarget;
			buildConfigurationList = 14B74FED24677EBF004727AD /* Build configuration list for PBXNativeTarget "SampleProject" */;
			buildPhases = (
				8B945D03AA0A04AF69B027AC /* [CP] Check Pods Manifest.lock */,
				14B74FBF24677EBC004727AD /* Sources */,
				14B74FC024677EBC004727AD /* Frameworks */,
				14B74FC124677EBC004727AD /* Resources */,
			);
			buildRules = (
			);
			dependencies = (
			);
			name = SampleProject;
			productName = SampleProject;
			productReference = 14B74FC324677EBC004727AD /* SampleProject.app */;
			productType = "com.apple.product-type.application";
		};
		14B74FD824677EBF004727AD /* SampleProjectTests */ = {
			isa = PBXNativeTarget;
			buildConfigurationList = 14B74FF024677EBF004727AD /* Build configuration list for PBXNativeTarget "SampleProjectTests" */;
			buildPhases = (
				14B74FD524677EBF004727AD /* Sources */,
				14B74FD624677EBF004727AD /* Frameworks */,
				14B74FD724677EBF004727AD /* Resources */,
			);
			buildRules = (
			);
			dependencies = (
				14B74FDB24677EBF004727AD /* PBXTargetDependency */,
			);
			name = SampleProjectTests;
			productName = SampleProjectTests;
			productReference = 14B74FD924677EBF004727AD /* SampleProjectTests.xctest */;
			productType = "com.apple.product-type.bundle.unit-test";
		};
		14B74FE324677EBF004727AD /* SampleProjectUITests */ = {
			isa = PBXNativeTarget;
			buildConfigurationList = 14B74FF324677EBF004727AD /* Build configuration list for PBXNativeTarget "SampleProjectUITests" */;
			buildPhases = (
				14B74FE024677EBF004727AD /* Sources */,
				14B74FE124677EBF004727AD /* Frameworks */,
				14B74FE224677EBF004727AD /* Resources */,
			);
			buildRules = (
			);
			dependencies = (
				14B74FE624677EBF004727AD /* PBXTargetDependency */,
			);
			name = SampleProjectUITests;
			productName = SampleProjectUITests;
			productReference = 14B74FE424677EBF004727AD /* SampleProjectUITests.xctest */;
			productType = "com.apple.product-type.bundle.ui-testing";
		};
/* End PBXNativeTarget section */

/* Begin PBXProject section */
		14B74FBB24677EBC004727AD /* Project object */ = {
			isa = PBXProject;
			attributes = {
				LastSwiftUpdateCheck = 1140;
				LastUpgradeCheck = 1140;
				ORGANIZATIONNAME = "Sample Organization";
				TargetAttributes = {
					14B74FC224677EBC004727AD = {
						CreatedOnToolsVersion = 11.4.1;
					};
					14B74FD824677EBF004727AD = {
						CreatedOnToolsVersion = 11.4.1;
						TestTargetID = 14B74FC224677EBC004727AD;
					};
					14B74FE324677EBF004727AD = {
						CreatedOnToolsVersion = 11.4.1;
						TestTargetID = 14B74FC224677EBC004727AD;
					};
				};
			};
			buildConfigurationList = 14B74FBE24677EBC004727AD /* Build configuration list for PBXProject "SampleProject" */;
			compatibilityVersion = "Xcode 9.3";
			developmentRegion = en;
			hasScannedForEncodings = 0;
			knownRegions = (
				en,
				Base,
			);
			mainGroup = 14B74FBA24677EBC004727AD;
			productRefGroup = 14B74FC424677EBC004727AD /* Products */;
			projectDirPath = "";
			projectRoot = "";
			targets = (
				14B74FC224677EBC004727AD /* SampleProject */,
				14B74FD824677EBF004727AD /* SampleProjectTests */,
				14B74FE324677EBF004727AD /* SampleProjectUITests */,
			);
		};
/* End PBXProject section */

/* Begin PBXResourcesBuildPhase section */
		14B74FC124677EBC004727AD /* Resources */ = {
			isa = PBXResourcesBuildPhase;
			buildActionMask = 2147483647;
			files = (
				14B74FD324677EBF004727AD /* LaunchScreen.storyboard in Resources */,
				14B74FD024677EBF004727AD /* Assets.xcassets in Resources */,
				14B74FCE24677EBC004727AD /* Main.storyboard in Resources */,
			);
			runOnlyForDeploymentPostprocessing = 0;
		};
		14B74FD724677EBF004727AD /* Resources */ = {
			isa = PBXResourcesBuildPhase;
			buildActionMask = 2147483647;
			files = (
			);
			runOnlyForDeploymentPostprocessing = 0;
		};
		14B74FE224677EBF004727AD /* Resources */ = {
			isa = PBXResourcesBuildPhase;
			buildActionMask = 2147483647;
			files = (
			);
			runOnlyForDeploymentPostprocessing = 0;
		};
/* End PBXResourcesBuildPhase section */

/* Begin PBXShellScriptBuildPhase section */
		8B945D03AA0A04AF69B027AC /* [CP] Check Pods Manifest.lock */ = {
			isa = PBXShellScriptBuildPhase;
			buildActionMask = 2147483647;
			files = (
			);
			inputFileListPaths = (
			);
			inputPaths = (
				"${PODS_PODFILE_DIR_PATH}/Podfile.lock",
				"${PODS_ROOT}/Manifest.lock",
			);
			name = "[CP] Check Pods Manifest.lock";
			outputFileListPaths = (
			);
			outputPaths = (
				"$(DERIVED_FILE_DIR)/Pods-SampleProject-checkManifestLockResult.txt",
			);
			runOnlyForDeploymentPostprocessing = 0;
			shellPath = /bin/sh;
			shellScript = "diff \"${PODS_PODFILE_DIR_PATH}/Podfile.lock\" \"${PODS_ROOT}/Manifest.lock\" > /dev/null\nif [ $? != 0 ] ; then\n    # print error to STDERR\n    echo \"error: The sandbox is not in sync with the Podfile.lock. Run 'pod install' or update your CocoaPods installation.\" >&2\n    exit 1\nfi\n# This output is used by Xcode 'outputs' to avoid re-running this script phase.\necho \"SUCCESS\" > \"${SCRIPT_OUTPUT_FILE_0}\"\n";
			showEnvVarsInLog = 0;
		};
/* End PBXShellScriptBuildPhase section */

/* Begin PBXSourcesBuildPhase section */
		14B74FBF24677EBC004727AD /* Sources */ = {
			isa = PBXSourcesBuildPhase;
			buildActionMask = 2147483647;
			files = (
				14B74FCB24677EBC004727AD /* ViewController.swift in Sources */,
				14B74FC724677EBC004727AD /* AppDelegate.swift in Sources */,
				14B74FC924677EBC004727AD /* SceneDelegate.swift in Sources */,
			);
			runOnlyForDeploymentPostprocessing = 0;
		};
		14B74FD524677EBF004727AD /* Sources */ = {
			isa = PBXSourcesBuildPhase;
			buildActionMask = 2147483647;
			files = (
				14B74FDE24677EBF004727AD /* SampleProjectTests.swift in Sources */,
			);
			runOnlyForDeploymentPostprocessing = 0;
		};
		14B74FE024677EBF004727AD /* Sources */ = {
			isa = PBXSourcesBuildPhase;
			buildActionMask = 2147483647;
			files = (
				14B74FE924677EBF004727AD /* SampleProjectUITests.swift in Sources */,
			);
			runOnlyForDeploymentPostprocessing = 0;
		};
/* End PBXSourcesBuildPhase section */

/* Begin PBXTargetDependency section */
		14B74FDB24677EBF004727AD /* PBXTargetDependency */ = {
			isa = PBXTargetDependency;
			target = 14B74FC224677EBC004727AD /* SampleProject */;
			targetProxy = 14B74FDA24677EBF004727AD /* PBXContainerItemProxy */;
		};
		14B74FE624677EBF004727AD /* PBXTargetDependency */ = {
			isa = PBXTargetDependency;
			target = 14B74FC224677EBC004727AD /* SampleProject */;
			targetProxy = 14B74FE524677EBF004727AD /* PBXContainerItemProxy */;
		};
/* End PBXTargetDependency section */

/* Begin PBXVariantGroup section */
		14B74FCC24677EBC004727AD /* Main.storyboard */ = {
			isa = PBXVariantGroup;
			children = (
				14B74FCD24677EBC004727AD /* Base */,
			);
			name = Main.storyboard;
			sourceTree = "<group>";
		};
		14B74FD124677EBF004727AD /* LaunchScreen.storyboard */ = {
			isa = PBXVariantGroup;
			children = (
				14B74FD224677EBF004727AD /* Base */,
			);
			name = LaunchScreen.storyboard;
			sourceTree = "<group>";
		};
/* End PBXVariantGroup section */

/* Begin XCBuildConfiguration section */
		14B74FEB24677EBF004727AD /* Debug */ = {
			isa = XCBuildConfiguration;
			buildSettings = {
				ALWAYS_SEARCH_USER_PATHS = NO;
				CLANG_ANALYZER_NONNULL = YES;
				CLANG_ANALYZER_NUMBER_OBJECT_CONVERSION = YES_AGGRESSIVE;
				CLANG_CXX_LANGUAGE_STANDARD = "gnu++14";
				CLANG_CXX_LIBRARY = "libc++";
				CLANG_ENABLE_MODULES = YES;
				CLANG_ENABLE_OBJC_ARC = YES;
				CLANG_ENABLE_OBJC_WEAK = YES;
				CLANG_WARN_BLOCK_CAPTURE_AUTORELEASING = YES;
				CLANG_WARN_BOOL_CONVERSION = YES;
				CLANG_WARN_COMMA = YES;
				CLANG_WARN_CONSTANT_CONVERSION = YES;
				CLANG_WARN_DEPRECATED_OBJC_IMPLEMENTATIONS = YES;
				CLANG_WARN_DIRECT_OBJC_ISA_USAGE = YES_ERROR;
				CLANG_WARN_DOCUMENTATION_COMMENTS = YES;
				CLANG_WARN_EMPTY_BODY = YES;
				CLANG_WARN_ENUM_CONVERSION = YES;
				CLANG_WARN_INFINITE_RECURSION = YES;
				CLANG_WARN_INT_CONVERSION = YES;
				CLANG_WARN_NON_LITERAL_NULL_CONVERSION = YES;
				CLANG_WARN_OBJC_IMPLICIT_RETAIN_SELF = YES;
				CLANG_WARN_OBJC_LITERAL_CONVERSION = YES;
				CLANG_WARN_OBJC_ROOT_CLASS = YES_ERROR;
				CLANG_WARN_RANGE_LOOP_ANALYSIS = YES;
				CLANG_WARN_STRICT_PROTOTYPES = YES;
				CLANG_WARN_SUSPICIOUS_MOVE = YES;
				CLANG_WARN_UNGUARDED_AVAILABILITY = YES_AGGRESSIVE;
				CLANG_WARN_UNREACHABLE_CODE = YES;
				CLANG_WARN__DUPLICATE_METHOD_MATCH = YES;
				COPY_PHASE_STRIP = NO;
				DEBUG_INFORMATION_FORMAT = dwarf;
				ENABLE_STRICT_OBJC_MSGSEND = YES;
				ENABLE_TESTABILITY = YES;
				GCC_C_LANGUAGE_STANDARD = gnu11;
				GCC_DYNAMIC_NO_PIC = NO;
				GCC_NO_COMMON_BLOCKS = YES;
				GCC_OPTIMIZATION_LEVEL = 0;
				GCC_PREPROCESSOR_DEFINITIONS = (
					"DEBUG=1",
					"$(inherited)",
				);
				GCC_WARN_64_TO_32_BIT_CONVERSION = YES;
				GCC_WARN_ABOUT_RETURN_TYPE = YES_ERROR;
				GCC_WARN_UNDECLARED_SELECTOR = YES;
				GCC_WARN_UNINITIALIZED_AUTOS = YES_AGGRESSIVE;
				GCC_WARN_UNUSED_FUNCTION = YES;
				GCC_WARN_UNUSED_VARIABLE = YES;
				IPHONEOS_DEPLOYMENT_TARGET = 13.4;
				MTL_ENABLE_DEBUG_INFO = INCLUDE_SOURCE;
				MTL_FAST_MATH = YES;
				ONLY_ACTIVE_ARCH = YES;
				SDKROOT = iphoneos;
				SWIFT_ACTIVE_COMPILATION_CONDITIONS = DEBUG;
				SWIFT_OPTIMIZATION_LEVEL = "-Onone";
			};
			name = Debug;
		};
		14B74FEC24677EBF004727AD /* Release */ = {
			isa = XCBuildConfiguration;
			buildSettings = {
				ALWAYS_SEARCH_USER_PATHS = NO;
				CLANG_ANALYZER_NONNULL = YES;
				CLANG_ANALYZER_NUMBER_OBJECT_CONVERSION = YES_AGGRESSIVE;
				CLANG_CXX_LANGUAGE_STANDARD = "gnu++14";
				CLANG_CXX_LIBRARY = "libc++";
				CLANG_ENABLE_MODULES = YES;
				CLANG_ENABLE_OBJC_ARC = YES;
				CLANG_ENABLE_OBJC_WEAK = YES;
				CLANG_WARN_BLOCK_CAPTURE_AUTORELEASING = YES;
				CLANG_WARN_BOOL_CONVERSION = YES;
				CLANG_WARN_COMMA = YES;
				CLANG_WARN_CONSTANT_CONVERSION = YES;
				CLANG_WARN_DEPRECATED_OBJC_IMPLEMENTATIONS = YES;
				CLANG_WARN_DIRECT_OBJC_ISA_USAGE = YES_ERROR;
				CLANG_WARN_DOCUMENTATION_COMMENTS = YES;
				CLANG_WARN_EMPTY_BODY = YES;
				CLANG_WARN_ENUM_CONVERSION = YES;
				CLANG_WARN_INFINITE_RECURSION = YES;
				CLANG_WARN_INT_CONVERSION = YES;
				CLANG_WARN_NON_LITERAL_NULL_CONVERSION = YES;
				CLANG_WARN_OBJC_IMPLICIT_RETAIN_SELF = YES;
				CLANG_WARN_OBJC_LITERAL_CONVERSION = YES;
				CLANG_WARN_OBJC_ROOT_CLASS = YES_ERROR;
				CLANG_WARN_RANGE_LOOP_ANALYSIS = YES;
				CLANG_WARN_STRICT_PROTOTYPES = YES;
				CLANG_WARN_SUSPICIOUS_MOVE = YES;
				CLANG_WARN_UNGUARDED_AVAILABILITY = YES_AGGRESSIVE;
				CLANG_WARN_UNREACHABLE_CODE = YES;
				CLANG_WARN__DUPLICATE_METHOD_MATCH = YES;
				COPY_PHASE_STRIP = NO;
				DEBUG_INFORMATION_FORMAT = "dwarf-with-dsym";
				ENABLE_NS_ASSERTIONS = NO;
				ENABLE_STRICT_OBJC_MSGSEND = YES;
				GCC_C_LANGUAGE_STANDARD = gnu11;
				GCC_NO_COMMON_BLOCKS = YES;
				GCC_WARN_64_TO_32_BIT_CONVERSION = YES;
				GCC_WARN_ABOUT_RETURN_TYPE = YES_ERROR;
				GCC_WARN_UNDECLARED_SELECTOR = YES;
				GCC_WARN_UNINITIALIZED_AUTOS = YES_AGGRESSIVE;
				GCC_WARN_UNUSED_FUNCTION = YES;
				GCC_WARN_UNUSED_VARIABLE = YES;
				IPHONEOS_DEPLOYMENT_TARGET = 13.4;
				MTL_ENABLE_DEBUG_INFO = NO;
				MTL_FAST_MATH = YES;
				SDKROOT = iphoneos;
				SWIFT_COMPILATION_MODE = wholemodule;
				SWIFT_OPTIMIZATION_LEVEL = "-O";
				VALIDATE_PRODUCT = YES;
			};
			name = Release;
		};
		14B74FEE24677EBF004727AD /* Debug */ = {
			isa = XCBuildConfiguration;
			baseConfigurationReference = E856DD1161AA6D19781F073A /* Pods-SampleProject.debug.xcconfig */;
			buildSettings = {
				ASSETCATALOG_COMPILER_APPICON_NAME = AppIcon;
				CODE_SIGN_STYLE = Automatic;
				DEVELOPMENT_TEAM = 76KSWDPWX9;
				INFOPLIST_FILE = SampleProject/Info.plist;
				LD_RUNPATH_SEARCH_PATHS = (
					"$(inherited)",
					"@executable_path/Frameworks",
				);
				PRODUCT_BUNDLE_IDENTIFIER = com.sample.SampleProject;
				PRODUCT_NAME = "$(TARGET_NAME)";
				SWIFT_VERSION = 5.0;
				TARGETED_DEVICE_FAMILY = "1,2";
			};
			name = Debug;
		};
		14B74FEF24677EBF004727AD /* Release */ = {
			isa = XCBuildConfiguration;
			baseConfigurationReference = 97763E3DB5123EA5A0EFA98E /* Pods-SampleProject.release.xcconfig */;
			buildSettings = {
				ASSETCATALOG_COMPILER_APPICON_NAME = AppIcon;
				CODE_SIGN_STYLE = Automatic;
				DEVELOPMENT_TEAM = 76KSWDPWX9;
				INFOPLIST_FILE = SampleProject/Info.plist;
				LD_RUNPATH_SEARCH_PATHS = (
					"$(inherited)",
					"@executable_path/Frameworks",
				);
				PRODUCT_BUNDLE_IDENTIFIER = com.sample.SampleProject;
				PRODUCT_NAME = "$(TARGET_NAME)";
				SWIFT_VERSION = 5.0;
				TARGETED_DEVICE_FAMILY = "1,2";
			};
			name = Release;
		};
		14B74FF124677EBF004727AD /* Debug */ = {
			isa = XCBuildConfiguration;
			buildSettings = {
				ALWAYS_EMBED_SWIFT_STANDARD_LIBRARIES = YES;
				BUNDLE_LOADER = "$(TEST_HOST)";
				CODE_SIGN_STYLE = Automatic;
				DEVELOPMENT_TEAM = 76KSWDPWX9;
				INFOPLIST_FILE = SampleProjectTests/Info.plist;
				IPHONEOS_DEPLOYMENT_TARGET = 13.4;
				LD_RUNPATH_SEARCH_PATHS = (
					"$(inherited)",
					"@executable_path/Frameworks",
					"@loader_path/Frameworks",
				);
				PRODUCT_BUNDLE_IDENTIFIER = com.sample.SampleProjectTests;
				PRODUCT_NAME = "$(TARGET_NAME)";
				SWIFT_VERSION = 5.0;
				TARGETED_DEVICE_FAMILY = "1,2";
				TEST_HOST = "$(BUILT_PRODUCTS_DIR)/SampleProject.app/SampleProject";
			};
			name = Debug;
		};
		14B74FF224677EBF004727AD /* Release */ = {
			isa = XCBuildConfiguration;
			buildSettings = {
				ALWAYS_EMBED_SWIFT_STANDARD_LIBRARIES = YES;
				BUNDLE_LOADER = "$(TEST_HOST)";
				CODE_SIGN_STYLE = Automatic;
				DEVELOPMENT_TEAM = 76KSWDPWX9;
				INFOPLIST_FILE = SampleProjectTests/Info.plist;
				IPHONEOS_DEPLOYMENT_TARGET = 13.4;
				LD_RUNPATH_SEARCH_PATHS = (
					"$(inherited)",
					"@executable_path/Frameworks",
					"@loader_path/Frameworks",
				);
				PRODUCT_BUNDLE_IDENTIFIER = com.sample.SampleProjectTests;
				PRODUCT_NAME = "$(TARGET_NAME)";
				SWIFT_VERSION = 5.0;
				TARGETED_DEVICE_FAMILY = "1,2";
				TEST_HOST = "$(BUILT_PRODUCTS_DIR)/SampleProject.app/SampleProject";
			};
			name = Release;
		};
		14B74FF424677EBF004727AD /* Debug */ = {
			isa = XCBuildConfiguration;
			buildSettings = {
				ALWAYS_EMBED_SWIFT_STANDARD_LIBRARIES = YES;
				CODE_SIGN_STYLE = Automatic;
				DEVELOPMENT_TEAM = 76KSWDPWX9;
				INFOPLIST_FILE = SampleProjectUITests/Info.plist;
				LD_RUNPATH_SEARCH_PATHS = (
					"$(inherited)",
					"@executable_path/Frameworks",
					"@loader_path/Frameworks",
				);
				PRODUCT_BUNDLE_IDENTIFIER = com.sample.SampleProjectUITests;
				PRODUCT_NAME = "$(TARGET_NAME)";
				SWIFT_VERSION = 5.0;
				TARGETED_DEVICE_FAMILY = "1,2";
				TEST_TARGET_NAME = SampleProject;
			};
			name = Debug;
		};
		14B74FF524677EBF004727AD /* Release */ = {
			isa = XCBuildConfiguration;
			buildSettings = {
				ALWAYS_EMBED_SWIFT_STANDARD_LIBRARIES = YES;
				CODE_SIGN_STYLE = Automatic;
				DEVELOPMENT_TEAM = 76KSWDPWX9;
				INFOPLIST_FILE = SampleProjectUITests/Info.plist;
				LD_RUNPATH_SEARCH_PATHS = (
					"$(inherited)",
					"@executable_path/Frameworks",
					"@loader_path/Frameworks",
				);
				PRODUCT_BUNDLE_IDENTIFIER = com.sample.SampleProjectUITests;
				PRODUCT_NAME = "$(TARGET_NAME)";
				SWIFT_VERSION = 5.0;
				TARGETED_DEVICE_FAMILY = "1,2";
				TEST_TARGET_NAME = SampleProject;
			};
			name = Release;
		};
/* End XCBuildConfiguration section */

/* Begin XCConfigurationList section */
		14B74FBE24677EBC004727AD /* Build configuration list for PBXProject "SampleProject" */ = {
			isa = XCConfigurationList;
			buildConfigurations = (
				14B74FEB24677EBF004727AD /* Debug */,
				14B74FEC24677EBF004727AD /* Release */,
			);
			defaultConfigurationIsVisible = 0;
			defaultConfigurationName = Release;
		};
		14B74FED24677EBF004727AD /* Build configuration list for PBXNativeTarget "SampleProject" */ = {
			isa = XCConfigurationList;
			buildConfigurations = (
				14B74FEE24677EBF004727AD /* Debug */,
				14B74FEF24677EBF004727AD /* Release */,
			);
			defaultConfigurationIsVisible = 0;
			defaultConfigurationName = Release;
		};
		14B74FF024677EBF004727AD /* Build configuration list for PBXNativeTarget "SampleProjectTests" */ = {
			isa = XCConfigurationList;
			buildConfigurations = (
				14B74FF124677EBF004727AD /* Debug */,
				14B74FF224677EBF004727AD /* Release */,
			);
			defaultConfigurationIsVisible = 0;
			defaultConfigurationName = Release;
		};
		14B74FF324677EBF004727AD /* Build configuration list for PBXNativeTarget "SampleProjectUITests" */ = {
			isa = XCConfigurationList;
			buildConfigurations = (
				14B74FF424677EBF004727AD /* Debug */,
				14B74FF524677EBF004727AD /* Release */,
			);
			defaultConfigurationIsVisible = 0;
			defaultConfigurationName = Release;
		};
/* End XCConfigurationList section */
	};
	rootObject = 14B74FBB24677EBC004727AD /* Project object */;
}
